// !$*UTF8*$!
{
	archiveVersion = 1;
	classes = {
	};
	objectVersion = 46;
	objects = {

/* Begin PBXBuildFile section */
		566DA26F1EB0A80E009293FE /* PHImageManager+GetPhotos.m in Sources */ = {isa = PBXBuildFile; fileRef = 566DA26E1EB0A80E009293FE /* PHImageManager+GetPhotos.m */; };
/* End PBXBuildFile section */

/* Begin PBXCopyFilesBuildPhase section */
		566DA25F1EB0A7FA009293FE /* CopyFiles */ = {
			isa = PBXCopyFilesBuildPhase;
			buildActionMask = 2147483647;
			dstPath = "include/$(PRODUCT_NAME)";
			dstSubfolderSpec = 16;
			files = (
			);
			runOnlyForDeploymentPostprocessing = 0;
		};
/* End PBXCopyFilesBuildPhase section */

/* Begin PBXFileReference section */
		566DA2611EB0A7FA009293FE /* libGetPhotos.a */ = {isa = PBXFileReference; explicitFileType = archive.ar; includeInIndex = 0; path = libGetPhotos.a; sourceTree = BUILT_PRODUCTS_DIR; };
		566DA26D1EB0A80E009293FE /* PHImageManager+GetPhotos.h */ = {isa = PBXFileReference; fileEncoding = 4; lastKnownFileType = sourcecode.c.h; path = "PHImageManager+GetPhotos.h"; sourceTree = "<group>"; };
		566DA26E1EB0A80E009293FE /* PHImageManager+GetPhotos.m */ = {isa = PBXFileReference; fileEncoding = 4; lastKnownFileType = sourcecode.c.objc; path = "PHImageManager+GetPhotos.m"; sourceTree = "<group>"; };
/* End PBXFileReference section */

/* Begin PBXFrameworksBuildPhase section */
		566DA25E1EB0A7FA009293FE /* Frameworks */ = {
			isa = PBXFrameworksBuildPhase;
			buildActionMask = 2147483647;
			files = (
			);
			runOnlyForDeploymentPostprocessing = 0;
		};
/* End PBXFrameworksBuildPhase section */

/* Begin PBXGroup section */
		566DA2581EB0A7FA009293FE = {
			isa = PBXGroup;
			children = (
				566DA2631EB0A7FA009293FE /* GetPhotos */,
				566DA2621EB0A7FA009293FE /* Products */,
			);
			sourceTree = "<group>";
		};
		566DA2621EB0A7FA009293FE /* Products */ = {
			isa = PBXGroup;
			children = (
				566DA2611EB0A7FA009293FE /* libGetPhotos.a */,
			);
			name = Products;
			sourceTree = "<group>";
		};
		566DA2631EB0A7FA009293FE /* GetPhotos */ = {
			isa = PBXGroup;
			children = (
				566DA26D1EB0A80E009293FE /* PHImageManager+GetPhotos.h */,
				566DA26E1EB0A80E009293FE /* PHImageManager+GetPhotos.m */,
			);
			path = GetPhotos;
			sourceTree = "<group>";
		};
/* End PBXGroup section */

/* Begin PBXNativeTarget section */
		566DA2601EB0A7FA009293FE /* GetPhotos */ = {
			isa = PBXNativeTarget;
			buildConfigurationList = 566DA26A1EB0A7FA009293FE /* Build configuration list for PBXNativeTarget "GetPhotos" */;
			buildPhases = (
				566DA25D1EB0A7FA009293FE /* Sources */,
				566DA25E1EB0A7FA009293FE /* Frameworks */,
				566DA25F1EB0A7FA009293FE /* CopyFiles */,
			);
			buildRules = (
			);
			dependencies = (
			);
			name = GetPhotos;
			productName = GetPhotos;
			productReference = 566DA2611EB0A7FA009293FE /* libGetPhotos.a */;
			productType = "com.apple.product-type.library.static";
		};
/* End PBXNativeTarget section */

/* Begin PBXProject section */
		566DA2591EB0A7FA009293FE /* Project object */ = {
			isa = PBXProject;
			attributes = {
				LastUpgradeCheck = 0830;
				ORGANIZATIONNAME = songtao;
				TargetAttributes = {
					566DA2601EB0A7FA009293FE = {
						CreatedOnToolsVersion = 8.3;
						ProvisioningStyle = Automatic;
					};
				};
			};
			buildConfigurationList = 566DA25C1EB0A7FA009293FE /* Build configuration list for PBXProject "GetPhotos" */;
			compatibilityVersion = "Xcode 3.2";
			developmentRegion = English;
			hasScannedForEncodings = 0;
			knownRegions = (
				en,
			);
			mainGroup = 566DA2581EB0A7FA009293FE;
			productRefGroup = 566DA2621EB0A7FA009293FE /* Products */;
			projectDirPath = "";
			projectRoot = "";
			targets = (
				566DA2601EB0A7FA009293FE /* GetPhotos */,
			);
		};
/* End PBXProject section */

/* Begin PBXSourcesBuildPhase section */
		566DA25D1EB0A7FA009293FE /* Sources */ = {
			isa = PBXSourcesBuildPhase;
			buildActionMask = 2147483647;
			files = (
				566DA26F1EB0A80E009293FE /* PHImageManager+GetPhotos.m in Sources */,
			);
			runOnlyForDeploymentPostprocessing = 0;
		};
/* End PBXSourcesBuildPhase section */

/* Begin XCBuildConfiguration section */
		566DA2681EB0A7FA009293FE /* Debug */ = {
			isa = XCBuildConfiguration;
			buildSettings = {
				ALWAYS_SEARCH_USER_PATHS = NO;
				CLANG_ANALYZER_NONNULL = YES;
				CLANG_ANALYZER_NUMBER_OBJECT_CONVERSION = YES_AGGRESSIVE;
				CLANG_CXX_LANGUAGE_STANDARD = "gnu++0x";
				CLANG_CXX_LIBRARY = "libc++";
				CLANG_ENABLE_MODULES = YES;
				CLANG_ENABLE_OBJC_ARC = YES;
				CLANG_WARN_BOOL_CONVERSION = YES;
				CLANG_WARN_CONSTANT_CONVERSION = YES;
				CLANG_WARN_DIRECT_OBJC_ISA_USAGE = YES_ERROR;
				CLANG_WARN_DOCUMENTATION_COMMENTS = YES;
				CLANG_WARN_EMPTY_BODY = YES;
				CLANG_WARN_ENUM_CONVERSION = YES;
				CLANG_WARN_INFINITE_RECURSION = YES;
				CLANG_WARN_INT_CONVERSION = YES;
				CLANG_WARN_OBJC_ROOT_CLASS = YES_ERROR;
				CLANG_WARN_SUSPICIOUS_MOVE = YES;
				CLANG_WARN_UNREACHABLE_CODE = YES;
				CLANG_WARN__DUPLICATE_METHOD_MATCH = YES;
				"CODE_SIGN_IDENTITY[sdk=iphoneos*]" = "iPhone Developer";
				COPY_PHASE_STRIP = NO;
				DEBUG_INFORMATION_FORMAT = dwarf;
				ENABLE_STRICT_OBJC_MSGSEND = YES;
				ENABLE_TESTABILITY = YES;
				GCC_C_LANGUAGE_STANDARD = gnu99;
				GCC_DYNAMIC_NO_PIC = NO;
				GCC_NO_COMMON_BLOCKS = YES;
				GCC_OPTIMIZATION_LEVEL = 0;
				GCC_PREPROCESSOR_DEFINITIONS = (
					"DEBUG=1",
					"$(inherited)",
				);
				GCC_WARN_64_TO_32_BIT_CONVERSION = YES;
				GCC_WARN_ABOUT_RETURN_TYPE = YES_ERROR;
				GCC_WARN_UNDECLARED_SELECTOR = YES;
				GCC_WARN_UNINITIALIZED_AUTOS = YES_AGGRESSIVE;
				GCC_WARN_UNUSED_FUNCTION = YES;
				GCC_WARN_UNUSED_VARIABLE = YES;
				IPHONEOS_DEPLOYMENT_TARGET = 10.3;
				MTL_ENABLE_DEBUG_INFO = YES;
				ONLY_ACTIVE_ARCH = YES;
				SDKROOT = iphoneos;
			};
			name = Debug;
		};
		566DA2691EB0A7FA009293FE /* Release */ = {
			isa = XCBuildConfiguration;
			buildSettings = {
				ALWAYS_SEARCH_USER_PATHS = NO;
				CLANG_ANALYZER_NONNULL = YES;
				CLANG_ANALYZER_NUMBER_OBJECT_CONVERSION = YES_AGGRESSIVE;
				CLANG_CXX_LANGUAGE_STANDARD = "gnu++0x";
				CLANG_CXX_LIBRARY = "libc++";
				CLANG_ENABLE_MODULES = YES;
				CLANG_ENABLE_OBJC_ARC = YES;
				CLANG_WARN_BOOL_CONVERSION = YES;
				CLANG_WARN_CONSTANT_CONVERSION = YES;
				CLANG_WARN_DIRECT_OBJC_ISA_USAGE = YES_ERROR;
				CLANG_WARN_DOCUMENTATION_COMMENTS = YES;
				CLANG_WARN_EMPTY_BODY = YES;
				CLANG_WARN_ENUM_CONVERSION = YES;
				CLANG_WARN_INFINITE_RECURSION = YES;
				CLANG_WARN_INT_CONVERSION = YES;
				CLANG_WARN_OBJC_ROOT_CLASS = YES_ERROR;
				CLANG_WARN_SUSPICIOUS_MOVE = YES;
				CLANG_WARN_UNREACHABLE_CODE = YES;
				CLANG_WARN__DUPLICATE_METHOD_MATCH = YES;
				"CODE_SIGN_IDENTITY[sdk=iphoneos*]" = "iPhone Developer";
				COPY_PHASE_STRIP = NO;
				DEBUG_INFORMATION_FORMAT = "dwarf-with-dsym";
				ENABLE_NS_ASSERTIONS = NO;
				ENABLE_STRICT_OBJC_MSGSEND = YES;
				GCC_C_LANGUAGE_STANDARD = gnu99;
				GCC_NO_COMMON_BLOCKS = YES;
				GCC_WARN_64_TO_32_BIT_CONVERSION = YES;
				GCC_WARN_ABOUT_RETURN_TYPE = YES_ERROR;
				GCC_WARN_UNDECLARED_SELECTOR = YES;
				GCC_WARN_UNINITIALIZED_AUTOS = YES_AGGRESSIVE;
				GCC_WARN_UNUSED_FUNCTION = YES;
				GCC_WARN_UNUSED_VARIABLE = YES;
				IPHONEOS_DEPLOYMENT_TARGET = 10.3;
				MTL_ENABLE_DEBUG_INFO = NO;
				SDKROOT = iphoneos;
				VALIDATE_PRODUCT = YES;
			};
			name = Release;
		};
		566DA26B1EB0A7FA009293FE /* Debug */ = {
			isa = XCBuildConfiguration;
			buildSettings = {
				OTHER_LDFLAGS = "-ObjC";
				PRODUCT_NAME = "$(TARGET_NAME)";
				SKIP_INSTALL = YES;
			};
			name = Debug;
		};
		566DA26C1EB0A7FA009293FE /* Release */ = {
			isa = XCBuildConfiguration;
			buildSettings = {
				OTHER_LDFLAGS = "-ObjC";
				PRODUCT_NAME = "$(TARGET_NAME)";
				SKIP_INSTALL = YES;
			};
			name = Release;
		};
/* End XCBuildConfiguration section */

/* Begin XCConfigurationList section */
		566DA25C1EB0A7FA009293FE /* Build configuration list for PBXProject "GetPhotos" */ = {
			isa = XCConfigurationList;
			buildConfigurations = (
				566DA2681EB0A7FA009293FE /* Debug */,
				566DA2691EB0A7FA009293FE /* Release */,
			);
			defaultConfigurationIsVisible = 0;
			defaultConfigurationName = Release;
		};
		566DA26A1EB0A7FA009293FE /* Build configuration list for PBXNativeTarget "GetPhotos" */ = {
			isa = XCConfigurationList;
			buildConfigurations = (
				566DA26B1EB0A7FA009293FE /* Debug */,
				566DA26C1EB0A7FA009293FE /* Release */,
			);
			defaultConfigurationIsVisible = 0;
		};
/* End XCConfigurationList section */
	};
	rootObject = 566DA2591EB0A7FA009293FE /* Project object */;
}
